
Microsoft Visual Studio Solution File, Format Version 12.00
# Visual Studio 15
VisualStudioVersion = 15.0.27428.2015
MinimumVisualStudioVersion = 10.0.40219.1
Project("{9A19103F-16F7-4668-BE54-9A1E7A4F7556}") = "domin", "domin.csproj", "{715991DA-9AC7-4303-A926-7B6C2D5B746F}"
EndProject
Global
	GlobalSection(SolutionConfigurationPlatforms) = preSolution
		Debug|Any CPU = Debug|Any CPU
		Release|Any CPU = Release|Any CPU
	EndGlobalSection
	GlobalSection(ProjectConfigurationPlatforms) = postSolution
		{715991DA-9AC7-4303-A926-7B6C2D5B746F}.Debug|Any CPU.ActiveCfg = Debug|Any CPU
		{715991DA-9AC7-4303-A926-7B6C2D5B746F}.Debug|Any CPU.Build.0 = Debug|Any CPU
		{715991DA-9AC7-4303-A926-7B6C2D5B746F}.Release|Any CPU.ActiveCfg = Release|Any CPU
		{715991DA-9AC7-4303-A926-7B6C2D5B746F}.Release|Any CPU.Build.0 = Release|Any CPU
	EndGlobalSection
	GlobalSection(SolutionProperties) = preSolution
		HideSolutionNode = FALSE
	EndGlobalSection
	GlobalSection(ExtensibilityGlobals) = postSolution
		SolutionGuid = {F12753DF-4033-48EB-931B-38DA8C466CC3}
	EndGlobalSection
EndGlobal
